Microsoft Visual Studio Solution File, Format Version 12.00
# Visual Studio Version 17
VisualStudioVersion = 17.5.2.0
MinimumVisualStudioVersion = 10.0.40219.1
Project("{2150E333-8FDC-42A3-9474-1A3956D46DE8}") = "Day08Practice", "Day08Practice", "{E8928270-6856-008E-E4F7-275879C718BF}"
EndProject
Project("{FAE04EC0-301F-11D3-BF4B-00C04F79EFBC}") = "Generics", "Day08Practice\Generics\Generics.csproj", "{98AF6796-AAA5-2FAC-6F4C-BAAAEEB7E62A}"
EndProject
Global
	GlobalSection(SolutionConfigurationPlatforms) = preSolution
		Debug|Any CPU = Debug|Any CPU
		Release|Any CPU = Release|Any CPU
	EndGlobalSection
	GlobalSection(ProjectConfigurationPlatforms) = postSolution
		{98AF6796-AAA5-2FAC-6F4C-BAAAEEB7E62A}.Debug|Any CPU.ActiveCfg = Debug|Any CPU
		{98AF6796-AAA5-2FAC-6F4C-BAAAEEB7E62A}.Debug|Any CPU.Build.0 = Debug|Any CPU
		{98AF6796-AAA5-2FAC-6F4C-BAAAEEB7E62A}.Release|Any CPU.ActiveCfg = Release|Any CPU
		{98AF6796-AAA5-2FAC-6F4C-BAAAEEB7E62A}.Release|Any CPU.Build.0 = Release|Any CPU
	EndGlobalSection
	GlobalSection(SolutionProperties) = preSolution
		HideSolutionNode = FALSE
	EndGlobalSection
	GlobalSection(NestedProjects) = preSolution
		{98AF6796-AAA5-2FAC-6F4C-BAAAEEB7E62A} = {E8928270-6856-008E-E4F7-275879C718BF}
	EndGlobalSection
	GlobalSection(ExtensibilityGlobals) = postSolution
		SolutionGuid = {7595F285-A84D-40B1-8DEF-03CFF0EA8236}
	EndGlobalSection
EndGlobal
