Microsoft Visual Studio Solution File, Format Version 12.00
# Visual Studio Version 17
VisualStudioVersion = 17.5.2.0
MinimumVisualStudioVersion = 10.0.40219.1
Project("{FAE04EC0-301F-11D3-BF4B-00C04F79EFBC}") = "IndexersAndProperies", "IndexersAndProperies.csproj", "{0A20A766-1D71-8C94-0633-D9576D2388E3}"
EndProject
Global
	GlobalSection(SolutionConfigurationPlatforms) = preSolution
		Debug|Any CPU = Debug|Any CPU
		Release|Any CPU = Release|Any CPU
	EndGlobalSection
	GlobalSection(ProjectConfigurationPlatforms) = postSolution
		{0A20A766-1D71-8C94-0633-D9576D2388E3}.Debug|Any CPU.ActiveCfg = Debug|Any CPU
		{0A20A766-1D71-8C94-0633-D9576D2388E3}.Debug|Any CPU.Build.0 = Debug|Any CPU
		{0A20A766-1D71-8C94-0633-D9576D2388E3}.Release|Any CPU.ActiveCfg = Release|Any CPU
		{0A20A766-1D71-8C94-0633-D9576D2388E3}.Release|Any CPU.Build.0 = Release|Any CPU
	EndGlobalSection
	GlobalSection(SolutionProperties) = preSolution
		HideSolutionNode = FALSE
	EndGlobalSection
	GlobalSection(ExtensibilityGlobals) = postSolution
		SolutionGuid = {0FDC9060-C68F-4B73-8C2C-089643F995C8}
	EndGlobalSection
EndGlobal
