Microsoft Visual Studio Solution File, Format Version 12.00
# Visual Studio Version 17
VisualStudioVersion = 17.5.2.0
MinimumVisualStudioVersion = 10.0.40219.1
Project("{2150E333-8FDC-42A3-9474-1A3956D46DE8}") = "Day10Practice", "Day10Practice", "{36447DEA-4202-895E-5E91-1F6B6AD12AC9}"
EndProject
Project("{FAE04EC0-301F-11D3-BF4B-00C04F79EFBC}") = "solidPriciples", "Day10Practice\solidPriciples\solidPriciples.csproj", "{94645B7B-A14B-A8CE-28C9-46CC5DFBE361}"
EndProject
Global
	GlobalSection(SolutionConfigurationPlatforms) = preSolution
		Debug|Any CPU = Debug|Any CPU
		Release|Any CPU = Release|Any CPU
	EndGlobalSection
	GlobalSection(ProjectConfigurationPlatforms) = postSolution
		{94645B7B-A14B-A8CE-28C9-46CC5DFBE361}.Debug|Any CPU.ActiveCfg = Debug|Any CPU
		{94645B7B-A14B-A8CE-28C9-46CC5DFBE361}.Debug|Any CPU.Build.0 = Debug|Any CPU
		{94645B7B-A14B-A8CE-28C9-46CC5DFBE361}.Release|Any CPU.ActiveCfg = Release|Any CPU
		{94645B7B-A14B-A8CE-28C9-46CC5DFBE361}.Release|Any CPU.Build.0 = Release|Any CPU
	EndGlobalSection
	GlobalSection(SolutionProperties) = preSolution
		HideSolutionNode = FALSE
	EndGlobalSection
	GlobalSection(NestedProjects) = preSolution
		{94645B7B-A14B-A8CE-28C9-46CC5DFBE361} = {36447DEA-4202-895E-5E91-1F6B6AD12AC9}
	EndGlobalSection
	GlobalSection(ExtensibilityGlobals) = postSolution
		SolutionGuid = {C930ABF1-B448-469A-AF40-34EF6E56E45A}
	EndGlobalSection
EndGlobal
