Microsoft Visual Studio Solution File, Format Version 12.00
# Visual Studio Version 17
VisualStudioVersion = 17.5.2.0
MinimumVisualStudioVersion = 10.0.40219.1
Project("{2150E333-8FDC-42A3-9474-1A3956D46DE8}") = "Day11Practice", "Day11Practice", "{1ED527A4-B190-178E-4F8B-2BD87112CFB4}"
EndProject
Project("{FAE04EC0-301F-11D3-BF4B-00C04F79EFBC}") = "LambdaAndDelegates", "Day11Practice\LambdaAndDelegates\LambdaAndDelegates.csproj", "{954756FA-88CD-37C8-6542-5D43B6E0FCF7}"
EndProject
Global
	GlobalSection(SolutionConfigurationPlatforms) = preSolution
		Debug|Any CPU = Debug|Any CPU
		Release|Any CPU = Release|Any CPU
	EndGlobalSection
	GlobalSection(ProjectConfigurationPlatforms) = postSolution
		{954756FA-88CD-37C8-6542-5D43B6E0FCF7}.Debug|Any CPU.ActiveCfg = Debug|Any CPU
		{954756FA-88CD-37C8-6542-5D43B6E0FCF7}.Debug|Any CPU.Build.0 = Debug|Any CPU
		{954756FA-88CD-37C8-6542-5D43B6E0FCF7}.Release|Any CPU.ActiveCfg = Release|Any CPU
		{954756FA-88CD-37C8-6542-5D43B6E0FCF7}.Release|Any CPU.Build.0 = Release|Any CPU
	EndGlobalSection
	GlobalSection(SolutionProperties) = preSolution
		HideSolutionNode = FALSE
	EndGlobalSection
	GlobalSection(NestedProjects) = preSolution
		{954756FA-88CD-37C8-6542-5D43B6E0FCF7} = {1ED527A4-B190-178E-4F8B-2BD87112CFB4}
	EndGlobalSection
	GlobalSection(ExtensibilityGlobals) = postSolution
		SolutionGuid = {E6B1F8DD-1B62-4B28-A91F-90479B83903D}
	EndGlobalSection
EndGlobal
