Microsoft Visual Studio Solution File, Format Version 12.00
# Visual Studio Version 17
VisualStudioVersion = 17.5.2.0
MinimumVisualStudioVersion = 10.0.40219.1
Project("{FAE04EC0-301F-11D3-BF4B-00C04F79EFBC}") = "ProductsApiExercise01", "ProductsApiExercise01\ProductsApiExercise01.csproj", "{8F562274-C60D-44B4-3C6D-A5F62E9A1EF4}"
EndProject
Global
	GlobalSection(SolutionConfigurationPlatforms) = preSolution
		Debug|Any CPU = Debug|Any CPU
		Release|Any CPU = Release|Any CPU
	EndGlobalSection
	GlobalSection(ProjectConfigurationPlatforms) = postSolution
		{8F562274-C60D-44B4-3C6D-A5F62E9A1EF4}.Debug|Any CPU.ActiveCfg = Debug|Any CPU
		{8F562274-C60D-44B4-3C6D-A5F62E9A1EF4}.Debug|Any CPU.Build.0 = Debug|Any CPU
		{8F562274-C60D-44B4-3C6D-A5F62E9A1EF4}.Release|Any CPU.ActiveCfg = Release|Any CPU
		{8F562274-C60D-44B4-3C6D-A5F62E9A1EF4}.Release|Any CPU.Build.0 = Release|Any CPU
	EndGlobalSection
	GlobalSection(SolutionProperties) = preSolution
		HideSolutionNode = FALSE
	EndGlobalSection
	GlobalSection(ExtensibilityGlobals) = postSolution
		SolutionGuid = {114E3E4F-3C49-48A7-8294-EFDCF70AE613}
	EndGlobalSection
EndGlobal
