Microsoft Visual Studio Solution File, Format Version 12.00
# Visual Studio Version 17
VisualStudioVersion = 17.5.2.0
MinimumVisualStudioVersion = 10.0.40219.1
Project("{2150E333-8FDC-42A3-9474-1A3956D46DE8}") = "Day14Practice", "Day14Practice", "{7BE155AC-5867-AF46-F8B4-049FA2602A9D}"
EndProject
Project("{FAE04EC0-301F-11D3-BF4B-00C04F79EFBC}") = "LinQToObject", "Day14Practice\LinQToObject\LinQToObject.csproj", "{3EA820BA-B054-003E-DDF1-EF5376375FBE}"
EndProject
Global
	GlobalSection(SolutionConfigurationPlatforms) = preSolution
		Debug|Any CPU = Debug|Any CPU
		Release|Any CPU = Release|Any CPU
	EndGlobalSection
	GlobalSection(ProjectConfigurationPlatforms) = postSolution
		{3EA820BA-B054-003E-DDF1-EF5376375FBE}.Debug|Any CPU.ActiveCfg = Debug|Any CPU
		{3EA820BA-B054-003E-DDF1-EF5376375FBE}.Debug|Any CPU.Build.0 = Debug|Any CPU
		{3EA820BA-B054-003E-DDF1-EF5376375FBE}.Release|Any CPU.ActiveCfg = Release|Any CPU
		{3EA820BA-B054-003E-DDF1-EF5376375FBE}.Release|Any CPU.Build.0 = Release|Any CPU
	EndGlobalSection
	GlobalSection(SolutionProperties) = preSolution
		HideSolutionNode = FALSE
	EndGlobalSection
	GlobalSection(NestedProjects) = preSolution
		{3EA820BA-B054-003E-DDF1-EF5376375FBE} = {7BE155AC-5867-AF46-F8B4-049FA2602A9D}
	EndGlobalSection
	GlobalSection(ExtensibilityGlobals) = postSolution
		SolutionGuid = {612309AC-869E-446E-9EF5-AED71896292A}
	EndGlobalSection
EndGlobal
