Microsoft Visual Studio Solution File, Format Version 12.00
# Visual Studio Version 17
VisualStudioVersion = 17.5.2.0
MinimumVisualStudioVersion = 10.0.40219.1
Project("{FAE04EC0-301F-11D3-BF4B-00C04F79EFBC}") = "Exercise04", "Exercise04.csproj", "{FED35EF2-4C44-23F4-0EC5-56CBA886371B}"
EndProject
Global
	GlobalSection(SolutionConfigurationPlatforms) = preSolution
		Debug|Any CPU = Debug|Any CPU
		Release|Any CPU = Release|Any CPU
	EndGlobalSection
	GlobalSection(ProjectConfigurationPlatforms) = postSolution
		{FED35EF2-4C44-23F4-0EC5-56CBA886371B}.Debug|Any CPU.ActiveCfg = Debug|Any CPU
		{FED35EF2-4C44-23F4-0EC5-56CBA886371B}.Debug|Any CPU.Build.0 = Debug|Any CPU
		{FED35EF2-4C44-23F4-0EC5-56CBA886371B}.Release|Any CPU.ActiveCfg = Release|Any CPU
		{FED35EF2-4C44-23F4-0EC5-56CBA886371B}.Release|Any CPU.Build.0 = Release|Any CPU
	EndGlobalSection
	GlobalSection(SolutionProperties) = preSolution
		HideSolutionNode = FALSE
	EndGlobalSection
	GlobalSection(ExtensibilityGlobals) = postSolution
		SolutionGuid = {5A1CA3EF-A5A0-4613-BB63-6A7FF19BCA47}
	EndGlobalSection
EndGlobal
