Microsoft Visual Studio Solution File, Format Version 12.00
# Visual Studio Version 17
VisualStudioVersion = 17.5.2.0
MinimumVisualStudioVersion = 10.0.40219.1
Project("{2150E333-8FDC-42A3-9474-1A3956D46DE8}") = "Day13Practice", "Day13Practice", "{930B0977-7E69-16AA-2A82-395EDEB0B934}"
EndProject
Project("{FAE04EC0-301F-11D3-BF4B-00C04F79EFBC}") = "AdvanceLinQ", "Day13Practice\AdvanceLinQ\AdvanceLinQ.csproj", "{67BF7474-3D1C-CD93-5B03-F2F46BEC96FF}"
EndProject
Global
	GlobalSection(SolutionConfigurationPlatforms) = preSolution
		Debug|Any CPU = Debug|Any CPU
		Release|Any CPU = Release|Any CPU
	EndGlobalSection
	GlobalSection(ProjectConfigurationPlatforms) = postSolution
		{67BF7474-3D1C-CD93-5B03-F2F46BEC96FF}.Debug|Any CPU.ActiveCfg = Debug|Any CPU
		{67BF7474-3D1C-CD93-5B03-F2F46BEC96FF}.Debug|Any CPU.Build.0 = Debug|Any CPU
		{67BF7474-3D1C-CD93-5B03-F2F46BEC96FF}.Release|Any CPU.ActiveCfg = Release|Any CPU
		{67BF7474-3D1C-CD93-5B03-F2F46BEC96FF}.Release|Any CPU.Build.0 = Release|Any CPU
	EndGlobalSection
	GlobalSection(SolutionProperties) = preSolution
		HideSolutionNode = FALSE
	EndGlobalSection
	GlobalSection(NestedProjects) = preSolution
		{67BF7474-3D1C-CD93-5B03-F2F46BEC96FF} = {930B0977-7E69-16AA-2A82-395EDEB0B934}
	EndGlobalSection
	GlobalSection(ExtensibilityGlobals) = postSolution
		SolutionGuid = {BFDF8731-6C92-413E-87DA-E7782AC82B5D}
	EndGlobalSection
EndGlobal
