Microsoft Visual Studio Solution File, Format Version 12.00
# Visual Studio Version 17
VisualStudioVersion = 17.5.2.0
MinimumVisualStudioVersion = 10.0.40219.1
Project("{FAE04EC0-301F-11D3-BF4B-00C04F79EFBC}") = "Day03Practice", "Day03Practice.csproj", "{30391DCD-5A90-6BA7-E1AD-5C1E56B3E69B}"
EndProject
Global
	GlobalSection(SolutionConfigurationPlatforms) = preSolution
		Debug|Any CPU = Debug|Any CPU
		Release|Any CPU = Release|Any CPU
	EndGlobalSection
	GlobalSection(ProjectConfigurationPlatforms) = postSolution
		{30391DCD-5A90-6BA7-E1AD-5C1E56B3E69B}.Debug|Any CPU.ActiveCfg = Debug|Any CPU
		{30391DCD-5A90-6BA7-E1AD-5C1E56B3E69B}.Debug|Any CPU.Build.0 = Debug|Any CPU
		{30391DCD-5A90-6BA7-E1AD-5C1E56B3E69B}.Release|Any CPU.ActiveCfg = Release|Any CPU
		{30391DCD-5A90-6BA7-E1AD-5C1E56B3E69B}.Release|Any CPU.Build.0 = Release|Any CPU
	EndGlobalSection
	GlobalSection(SolutionProperties) = preSolution
		HideSolutionNode = FALSE
	EndGlobalSection
	GlobalSection(ExtensibilityGlobals) = postSolution
		SolutionGuid = {852DA2F3-D0CB-4308-A100-FDF948DC94A9}
	EndGlobalSection
EndGlobal
