Microsoft Visual Studio Solution File, Format Version 12.00
# Visual Studio Version 17
VisualStudioVersion = 17.5.2.0
MinimumVisualStudioVersion = 10.0.40219.1
Project("{FAE04EC0-301F-11D3-BF4B-00C04F79EFBC}") = "Exercise03", "Exercise03.csproj", "{3CA7CB35-C008-277F-F61A-745519656420}"
EndProject
Global
	GlobalSection(SolutionConfigurationPlatforms) = preSolution
		Debug|Any CPU = Debug|Any CPU
		Release|Any CPU = Release|Any CPU
	EndGlobalSection
	GlobalSection(ProjectConfigurationPlatforms) = postSolution
		{3CA7CB35-C008-277F-F61A-745519656420}.Debug|Any CPU.ActiveCfg = Debug|Any CPU
		{3CA7CB35-C008-277F-F61A-745519656420}.Debug|Any CPU.Build.0 = Debug|Any CPU
		{3CA7CB35-C008-277F-F61A-745519656420}.Release|Any CPU.ActiveCfg = Release|Any CPU
		{3CA7CB35-C008-277F-F61A-745519656420}.Release|Any CPU.Build.0 = Release|Any CPU
	EndGlobalSection
	GlobalSection(SolutionProperties) = preSolution
		HideSolutionNode = FALSE
	EndGlobalSection
	GlobalSection(ExtensibilityGlobals) = postSolution
		SolutionGuid = {4D064E8E-E165-4EA7-965A-31A65F97B068}
	EndGlobalSection
EndGlobal
